// !$*UTF8*$!
{
	archiveVersion = 1;
	classes = {
	};
	objectVersion = 56;
	objects = {

/* Begin PBXBuildFile section */
		7A0198472A7AF944008FC664 /* FashionFinderApp.swift in Sources */ = {isa = PBXBuildFile; fileRef = 7A0198462A7AF944008FC664 /* FashionFinderApp.swift */; };
		7A01984B2A7AF946008FC664 /* Assets.xcassets in Resources */ = {isa = PBXBuildFile; fileRef = 7A01984A2A7AF946008FC664 /* Assets.xcassets */; };
		7A01984E2A7AF946008FC664 /* Preview Assets.xcassets in Resources */ = {isa = PBXBuildFile; fileRef = 7A01984D2A7AF946008FC664 /* Preview Assets.xcassets */; };
		7A0198552A7AFB74008FC664 /* Home.swift in Sources */ = {isa = PBXBuildFile; fileRef = 7A0198542A7AFB74008FC664 /* Home.swift */; };
		7A229F5E2A7B388800C76B27 /* Shop.swift in Sources */ = {isa = PBXBuildFile; fileRef = 7A229F5D2A7B388800C76B27 /* Shop.swift */; };
		7A229F602A7B389C00C76B27 /* Learn.swift in Sources */ = {isa = PBXBuildFile; fileRef = 7A229F5F2A7B389C00C76B27 /* Learn.swift */; };
		7A229F622A7C1BDB00C76B27 /* Quiz #2.swift in Sources */ = {isa = PBXBuildFile; fileRef = 7A229F612A7C1BDB00C76B27 /* Quiz #2.swift */; };
		7A229F642A7C23B000C76B27 /* Quiz #3.swift in Sources */ = {isa = PBXBuildFile; fileRef = 7A229F632A7C23B000C76B27 /* Quiz #3.swift */; };
		7A229F662A7C251E00C76B27 /* Quiz #4.swift in Sources */ = {isa = PBXBuildFile; fileRef = 7A229F652A7C251E00C76B27 /* Quiz #4.swift */; };
		7A229F692A7C256600C76B27 /* Quiz #5.swift in Sources */ = {isa = PBXBuildFile; fileRef = 7A229F682A7C256600C76B27 /* Quiz #5.swift */; };
		7A229F6B2A7C256E00C76B27 /* Quiz #6.swift in Sources */ = {isa = PBXBuildFile; fileRef = 7A229F6A2A7C256E00C76B27 /* Quiz #6.swift */; };
		7A229F6D2A7C257800C76B27 /* Quiz #7.swift in Sources */ = {isa = PBXBuildFile; fileRef = 7A229F6C2A7C257800C76B27 /* Quiz #7.swift */; };
		7A229F712A7C308B00C76B27 /* Results.swift in Sources */ = {isa = PBXBuildFile; fileRef = 7A229F702A7C308B00C76B27 /* Results.swift */; };
		7A2D03962A7B187E00B3A7C0 /* Quiz #1.swift in Sources */ = {isa = PBXBuildFile; fileRef = 7A2D03952A7B187E00B3A7C0 /* Quiz #1.swift */; };
/* End PBXBuildFile section */

/* Begin PBXFileReference section */
		7A0198432A7AF944008FC664 /* FashionFinder.app */ = {isa = PBXFileReference; explicitFileType = wrapper.application; includeInIndex = 0; path = FashionFinder.app; sourceTree = BUILT_PRODUCTS_DIR; };
		7A0198462A7AF944008FC664 /* FashionFinderApp.swift */ = {isa = PBXFileReference; lastKnownFileType = sourcecode.swift; path = FashionFinderApp.swift; sourceTree = "<group>"; };
		7A01984A2A7AF946008FC664 /* Assets.xcassets */ = {isa = PBXFileReference; lastKnownFileType = folder.assetcatalog; path = Assets.xcassets; sourceTree = "<group>"; };
		7A01984D2A7AF946008FC664 /* Preview Assets.xcassets */ = {isa = PBXFileReference; lastKnownFileType = folder.assetcatalog; path = "Preview Assets.xcassets"; sourceTree = "<group>"; };
		7A0198542A7AFB74008FC664 /* Home.swift */ = {isa = PBXFileReference; lastKnownFileType = sourcecode.swift; path = Home.swift; sourceTree = "<group>"; };
		7A229F5D2A7B388800C76B27 /* Shop.swift */ = {isa = PBXFileReference; lastKnownFileType = sourcecode.swift; path = Shop.swift; sourceTree = "<group>"; };
		7A229F5F2A7B389C00C76B27 /* Learn.swift */ = {isa = PBXFileReference; lastKnownFileType = sourcecode.swift; path = Learn.swift; sourceTree = "<group>"; };
		7A229F612A7C1BDB00C76B27 /* Quiz #2.swift */ = {isa = PBXFileReference; lastKnownFileType = sourcecode.swift; path = "Quiz #2.swift"; sourceTree = "<group>"; };
		7A229F632A7C23B000C76B27 /* Quiz #3.swift */ = {isa = PBXFileReference; lastKnownFileType = sourcecode.swift; path = "Quiz #3.swift"; sourceTree = "<group>"; };
		7A229F652A7C251E00C76B27 /* Quiz #4.swift */ = {isa = PBXFileReference; lastKnownFileType = sourcecode.swift; path = "Quiz #4.swift"; sourceTree = "<group>"; };
		7A229F682A7C256600C76B27 /* Quiz #5.swift */ = {isa = PBXFileReference; lastKnownFileType = sourcecode.swift; path = "Quiz #5.swift"; sourceTree = "<group>"; };
		7A229F6A2A7C256E00C76B27 /* Quiz #6.swift */ = {isa = PBXFileReference; lastKnownFileType = sourcecode.swift; path = "Quiz #6.swift"; sourceTree = "<group>"; };
		7A229F6C2A7C257800C76B27 /* Quiz #7.swift */ = {isa = PBXFileReference; lastKnownFileType = sourcecode.swift; path = "Quiz #7.swift"; sourceTree = "<group>"; };
		7A229F702A7C308B00C76B27 /* Results.swift */ = {isa = PBXFileReference; lastKnownFileType = sourcecode.swift; path = Results.swift; sourceTree = "<group>"; };
		7A2D03952A7B187E00B3A7C0 /* Quiz #1.swift */ = {isa = PBXFileReference; lastKnownFileType = sourcecode.swift; path = "Quiz #1.swift"; sourceTree = "<group>"; };
/* End PBXFileReference section */

/* Begin PBXFrameworksBuildPhase section */
		7A0198402A7AF944008FC664 /* Frameworks */ = {
			isa = PBXFrameworksBuildPhase;
			buildActionMask = 2147483647;
			files = (
			);
			runOnlyForDeploymentPostprocessing = 0;
		};
/* End PBXFrameworksBuildPhase section */

/* Begin PBXGroup section */
		7A01983A2A7AF944008FC664 = {
			isa = PBXGroup;
			children = (
				7A0198452A7AF944008FC664 /* FashionFinder */,
				7A0198442A7AF944008FC664 /* Products */,
			);
			sourceTree = "<group>";
		};
		7A0198442A7AF944008FC664 /* Products */ = {
			isa = PBXGroup;
			children = (
				7A0198432A7AF944008FC664 /* FashionFinder.app */,
			);
			name = Products;
			sourceTree = "<group>";
		};
		7A0198452A7AF944008FC664 /* FashionFinder */ = {
			isa = PBXGroup;
			children = (
				7A0198462A7AF944008FC664 /* FashionFinderApp.swift */,
				7A0198542A7AFB74008FC664 /* Home.swift */,
				7A229F5D2A7B388800C76B27 /* Shop.swift */,
				7A229F5F2A7B389C00C76B27 /* Learn.swift */,
				7A229F672A7C253100C76B27 /* Quiz Questions */,
				7A01984A2A7AF946008FC664 /* Assets.xcassets */,
				7A01984C2A7AF946008FC664 /* Preview Content */,
			);
			path = FashionFinder;
			sourceTree = "<group>";
		};
		7A01984C2A7AF946008FC664 /* Preview Content */ = {
			isa = PBXGroup;
			children = (
				7A01984D2A7AF946008FC664 /* Preview Assets.xcassets */,
			);
			path = "Preview Content";
			sourceTree = "<group>";
		};
		7A229F672A7C253100C76B27 /* Quiz Questions */ = {
			isa = PBXGroup;
			children = (
				7A2D03952A7B187E00B3A7C0 /* Quiz #1.swift */,
				7A229F612A7C1BDB00C76B27 /* Quiz #2.swift */,
				7A229F632A7C23B000C76B27 /* Quiz #3.swift */,
				7A229F652A7C251E00C76B27 /* Quiz #4.swift */,
				7A229F682A7C256600C76B27 /* Quiz #5.swift */,
				7A229F6A2A7C256E00C76B27 /* Quiz #6.swift */,
				7A229F6C2A7C257800C76B27 /* Quiz #7.swift */,
				7A229F702A7C308B00C76B27 /* Results.swift */,
			);
			path = "Quiz Questions";
			sourceTree = "<group>";
		};
/* End PBXGroup section */

/* Begin PBXNativeTarget section */
		7A0198422A7AF944008FC664 /* FashionFinder */ = {
			isa = PBXNativeTarget;
			buildConfigurationList = 7A0198512A7AF946008FC664 /* Build configuration list for PBXNativeTarget "FashionFinder" */;
			buildPhases = (
				7A01983F2A7AF944008FC664 /* Sources */,
				7A0198402A7AF944008FC664 /* Frameworks */,
				7A0198412A7AF944008FC664 /* Resources */,
			);
			buildRules = (
			);
			dependencies = (
			);
			name = FashionFinder;
			productName = FashionFinder;
			productReference = 7A0198432A7AF944008FC664 /* FashionFinder.app */;
			productType = "com.apple.product-type.application";
		};
/* End PBXNativeTarget section */

/* Begin PBXProject section */
		7A01983B2A7AF944008FC664 /* Project object */ = {
			isa = PBXProject;
			attributes = {
				BuildIndependentTargetsInParallel = 1;
				LastSwiftUpdateCheck = 1430;
				LastUpgradeCheck = 1430;
				TargetAttributes = {
					7A0198422A7AF944008FC664 = {
						CreatedOnToolsVersion = 14.3.1;
					};
				};
			};
			buildConfigurationList = 7A01983E2A7AF944008FC664 /* Build configuration list for PBXProject "FashionFinder" */;
			compatibilityVersion = "Xcode 14.0";
			developmentRegion = en;
			hasScannedForEncodings = 0;
			knownRegions = (
				en,
				Base,
			);
			mainGroup = 7A01983A2A7AF944008FC664;
			productRefGroup = 7A0198442A7AF944008FC664 /* Products */;
			projectDirPath = "";
			projectRoot = "";
			targets = (
				7A0198422A7AF944008FC664 /* FashionFinder */,
			);
		};
/* End PBXProject section */

/* Begin PBXResourcesBuildPhase section */
		7A0198412A7AF944008FC664 /* Resources */ = {
			isa = PBXResourcesBuildPhase;
			buildActionMask = 2147483647;
			files = (
				7A01984E2A7AF946008FC664 /* Preview Assets.xcassets in Resources */,
				7A01984B2A7AF946008FC664 /* Assets.xcassets in Resources */,
			);
			runOnlyForDeploymentPostprocessing = 0;
		};
/* End PBXResourcesBuildPhase section */

/* Begin PBXSourcesBuildPhase section */
		7A01983F2A7AF944008FC664 /* Sources */ = {
			isa = PBXSourcesBuildPhase;
			buildActionMask = 2147483647;
			files = (
				7A229F662A7C251E00C76B27 /* Quiz #4.swift in Sources */,
				7A0198552A7AFB74008FC664 /* Home.swift in Sources */,
				7A229F6B2A7C256E00C76B27 /* Quiz #6.swift in Sources */,
				7A229F6D2A7C257800C76B27 /* Quiz #7.swift in Sources */,
				7A229F602A7B389C00C76B27 /* Learn.swift in Sources */,
				7A229F642A7C23B000C76B27 /* Quiz #3.swift in Sources */,
				7A229F712A7C308B00C76B27 /* Results.swift in Sources */,
				7A229F622A7C1BDB00C76B27 /* Quiz #2.swift in Sources */,
				7A0198472A7AF944008FC664 /* FashionFinderApp.swift in Sources */,
				7A2D03962A7B187E00B3A7C0 /* Quiz #1.swift in Sources */,
				7A229F5E2A7B388800C76B27 /* Shop.swift in Sources */,
				7A229F692A7C256600C76B27 /* Quiz #5.swift in Sources */,
			);
			runOnlyForDeploymentPostprocessing = 0;
		};
/* End PBXSourcesBuildPhase section */

/* Begin XCBuildConfiguration section */
		7A01984F2A7AF946008FC664 /* Debug */ = {
			isa = XCBuildConfiguration;
			buildSettings = {
				ALWAYS_SEARCH_USER_PATHS = NO;
				CLANG_ANALYZER_NONNULL = YES;
				CLANG_ANALYZER_NUMBER_OBJECT_CONVERSION = YES_AGGRESSIVE;
				CLANG_CXX_LANGUAGE_STANDARD = "gnu++20";
				CLANG_ENABLE_MODULES = YES;
				CLANG_ENABLE_OBJC_ARC = YES;
				CLANG_ENABLE_OBJC_WEAK = YES;
				CLANG_WARN_BLOCK_CAPTURE_AUTORELEASING = YES;
				CLANG_WARN_BOOL_CONVERSION = YES;
				CLANG_WARN_COMMA = YES;
				CLANG_WARN_CONSTANT_CONVERSION = YES;
				CLANG_WARN_DEPRECATED_OBJC_IMPLEMENTATIONS = YES;
				CLANG_WARN_DIRECT_OBJC_ISA_USAGE = YES_ERROR;
				CLANG_WARN_DOCUMENTATION_COMMENTS = YES;
				CLANG_WARN_EMPTY_BODY = YES;
				CLANG_WARN_ENUM_CONVERSION = YES;
				CLANG_WARN_INFINITE_RECURSION = YES;
				CLANG_WARN_INT_CONVERSION = YES;
				CLANG_WARN_NON_LITERAL_NULL_CONVERSION = YES;
				CLANG_WARN_OBJC_IMPLICIT_RETAIN_SELF = YES;
				CLANG_WARN_OBJC_LITERAL_CONVERSION = YES;
				CLANG_WARN_OBJC_ROOT_CLASS = YES_ERROR;
				CLANG_WARN_QUOTED_INCLUDE_IN_FRAMEWORK_HEADER = YES;
				CLANG_WARN_RANGE_LOOP_ANALYSIS = YES;
				CLANG_WARN_STRICT_PROTOTYPES = YES;
				CLANG_WARN_SUSPICIOUS_MOVE = YES;
				CLANG_WARN_UNGUARDED_AVAILABILITY = YES_AGGRESSIVE;
				CLANG_WARN_UNREACHABLE_CODE = YES;
				CLANG_WARN__DUPLICATE_METHOD_MATCH = YES;
				COPY_PHASE_STRIP = NO;
				DEBUG_INFORMATION_FORMAT = dwarf;
				ENABLE_STRICT_OBJC_MSGSEND = YES;
				ENABLE_TESTABILITY = YES;
				GCC_C_LANGUAGE_STANDARD = gnu11;
				GCC_DYNAMIC_NO_PIC = NO;
				GCC_NO_COMMON_BLOCKS = YES;
				GCC_OPTIMIZATION_LEVEL = 0;
				GCC_PREPROCESSOR_DEFINITIONS = (
					"DEBUG=1",
					"$(inherited)",
				);
				GCC_WARN_64_TO_32_BIT_CONVERSION = YES;
				GCC_WARN_ABOUT_RETURN_TYPE = YES_ERROR;
				GCC_WARN_UNDECLARED_SELECTOR = YES;
				GCC_WARN_UNINITIALIZED_AUTOS = YES_AGGRESSIVE;
				GCC_WARN_UNUSED_FUNCTION = YES;
				GCC_WARN_UNUSED_VARIABLE = YES;
				IPHONEOS_DEPLOYMENT_TARGET = 16.4;
				MTL_ENABLE_DEBUG_INFO = INCLUDE_SOURCE;
				MTL_FAST_MATH = YES;
				ONLY_ACTIVE_ARCH = YES;
				SDKROOT = iphoneos;
				SWIFT_ACTIVE_COMPILATION_CONDITIONS = DEBUG;
				SWIFT_OPTIMIZATION_LEVEL = "-Onone";
			};
			name = Debug;
		};
		7A0198502A7AF946008FC664 /* Release */ = {
			isa = XCBuildConfiguration;
			buildSettings = {
				ALWAYS_SEARCH_USER_PATHS = NO;
				CLANG_ANALYZER_NONNULL = YES;
				CLANG_ANALYZER_NUMBER_OBJECT_CONVERSION = YES_AGGRESSIVE;
				CLANG_CXX_LANGUAGE_STANDARD = "gnu++20";
				CLANG_ENABLE_MODULES = YES;
				CLANG_ENABLE_OBJC_ARC = YES;
				CLANG_ENABLE_OBJC_WEAK = YES;
				CLANG_WARN_BLOCK_CAPTURE_AUTORELEASING = YES;
				CLANG_WARN_BOOL_CONVERSION = YES;
				CLANG_WARN_COMMA = YES;
				CLANG_WARN_CONSTANT_CONVERSION = YES;
				CLANG_WARN_DEPRECATED_OBJC_IMPLEMENTATIONS = YES;
				CLANG_WARN_DIRECT_OBJC_ISA_USAGE = YES_ERROR;
				CLANG_WARN_DOCUMENTATION_COMMENTS = YES;
				CLANG_WARN_EMPTY_BODY = YES;
				CLANG_WARN_ENUM_CONVERSION = YES;
				CLANG_WARN_INFINITE_RECURSION = YES;
				CLANG_WARN_INT_CONVERSION = YES;
				CLANG_WARN_NON_LITERAL_NULL_CONVERSION = YES;
				CLANG_WARN_OBJC_IMPLICIT_RETAIN_SELF = YES;
				CLANG_WARN_OBJC_LITERAL_CONVERSION = YES;
				CLANG_WARN_OBJC_ROOT_CLASS = YES_ERROR;
				CLANG_WARN_QUOTED_INCLUDE_IN_FRAMEWORK_HEADER = YES;
				CLANG_WARN_RANGE_LOOP_ANALYSIS = YES;
				CLANG_WARN_STRICT_PROTOTYPES = YES;
				CLANG_WARN_SUSPICIOUS_MOVE = YES;
				CLANG_WARN_UNGUARDED_AVAILABILITY = YES_AGGRESSIVE;
				CLANG_WARN_UNREACHABLE_CODE = YES;
				CLANG_WARN__DUPLICATE_METHOD_MATCH = YES;
				COPY_PHASE_STRIP = NO;
				DEBUG_INFORMATION_FORMAT = "dwarf-with-dsym";
				ENABLE_NS_ASSERTIONS = NO;
				ENABLE_STRICT_OBJC_MSGSEND = YES;
				GCC_C_LANGUAGE_STANDARD = gnu11;
				GCC_NO_COMMON_BLOCKS = YES;
				GCC_WARN_64_TO_32_BIT_CONVERSION = YES;
				GCC_WARN_ABOUT_RETURN_TYPE = YES_ERROR;
				GCC_WARN_UNDECLARED_SELECTOR = YES;
				GCC_WARN_UNINITIALIZED_AUTOS = YES_AGGRESSIVE;
				GCC_WARN_UNUSED_FUNCTION = YES;
				GCC_WARN_UNUSED_VARIABLE = YES;
				IPHONEOS_DEPLOYMENT_TARGET = 16.4;
				MTL_ENABLE_DEBUG_INFO = NO;
				MTL_FAST_MATH = YES;
				SDKROOT = iphoneos;
				SWIFT_COMPILATION_MODE = wholemodule;
				SWIFT_OPTIMIZATION_LEVEL = "-O";
				VALIDATE_PRODUCT = YES;
			};
			name = Release;
		};
		7A0198522A7AF946008FC664 /* Debug */ = {
			isa = XCBuildConfiguration;
			buildSettings = {
				ASSETCATALOG_COMPILER_APPICON_NAME = AppIcon;
				ASSETCATALOG_COMPILER_GLOBAL_ACCENT_COLOR_NAME = AccentColor;
				CODE_SIGN_STYLE = Automatic;
				CURRENT_PROJECT_VERSION = 1;
				DEVELOPMENT_ASSET_PATHS = "\"FashionFinder/Preview Content\"";
				ENABLE_PREVIEWS = YES;
				GENERATE_INFOPLIST_FILE = YES;
				INFOPLIST_KEY_UIApplicationSceneManifest_Generation = YES;
				INFOPLIST_KEY_UIApplicationSupportsIndirectInputEvents = YES;
				INFOPLIST_KEY_UILaunchScreen_Generation = YES;
				INFOPLIST_KEY_UISupportedInterfaceOrientations_iPad = "UIInterfaceOrientationPortrait UIInterfaceOrientationPortraitUpsideDown UIInterfaceOrientationLandscapeLeft UIInterfaceOrientationLandscapeRight";
				INFOPLIST_KEY_UISupportedInterfaceOrientations_iPhone = "UIInterfaceOrientationPortrait UIInterfaceOrientationLandscapeLeft UIInterfaceOrientationLandscapeRight";
				LD_RUNPATH_SEARCH_PATHS = (
					"$(inherited)",
					"@executable_path/Frameworks",
				);
				MARKETING_VERSION = 1.0;
				PRODUCT_BUNDLE_IDENTIFIER = KWK.FashionFinder;
				PRODUCT_NAME = "$(TARGET_NAME)";
				SWIFT_EMIT_LOC_STRINGS = YES;
				SWIFT_VERSION = 5.0;
				TARGETED_DEVICE_FAMILY = "1,2";
			};
			name = Debug;
		};
		7A0198532A7AF946008FC664 /* Release */ = {
			isa = XCBuildConfiguration;
			buildSettings = {
				ASSETCATALOG_COMPILER_APPICON_NAME = AppIcon;
				ASSETCATALOG_COMPILER_GLOBAL_ACCENT_COLOR_NAME = AccentColor;
				CODE_SIGN_STYLE = Automatic;
				CURRENT_PROJECT_VERSION = 1;
				DEVELOPMENT_ASSET_PATHS = "\"FashionFinder/Preview Content\"";
				ENABLE_PREVIEWS = YES;
				GENERATE_INFOPLIST_FILE = YES;
				INFOPLIST_KEY_UIApplicationSceneManifest_Generation = YES;
				INFOPLIST_KEY_UIApplicationSupportsIndirectInputEvents = YES;
				INFOPLIST_KEY_UILaunchScreen_Generation = YES;
				INFOPLIST_KEY_UISupportedInterfaceOrientations_iPad = "UIInterfaceOrientationPortrait UIInterfaceOrientationPortraitUpsideDown UIInterfaceOrientationLandscapeLeft UIInterfaceOrientationLandscapeRight";
				INFOPLIST_KEY_UISupportedInterfaceOrientations_iPhone = "UIInterfaceOrientationPortrait UIInterfaceOrientationLandscapeLeft UIInterfaceOrientationLandscapeRight";
				LD_RUNPATH_SEARCH_PATHS = (
					"$(inherited)",
					"@executable_path/Frameworks",
				);
				MARKETING_VERSION = 1.0;
				PRODUCT_BUNDLE_IDENTIFIER = KWK.FashionFinder;
				PRODUCT_NAME = "$(TARGET_NAME)";
				SWIFT_EMIT_LOC_STRINGS = YES;
				SWIFT_VERSION = 5.0;
				TARGETED_DEVICE_FAMILY = "1,2";
			};
			name = Release;
		};
/* End XCBuildConfiguration section */

/* Begin XCConfigurationList section */
		7A01983E2A7AF944008FC664 /* Build configuration list for PBXProject "FashionFinder" */ = {
			isa = XCConfigurationList;
			buildConfigurations = (
				7A01984F2A7AF946008FC664 /* Debug */,
				7A0198502A7AF946008FC664 /* Release */,
			);
			defaultConfigurationIsVisible = 0;
			defaultConfigurationName = Release;
		};
		7A0198512A7AF946008FC664 /* Build configuration list for PBXNativeTarget "FashionFinder" */ = {
			isa = XCConfigurationList;
			buildConfigurations = (
				7A0198522A7AF946008FC664 /* Debug */,
				7A0198532A7AF946008FC664 /* Release */,
			);
			defaultConfigurationIsVisible = 0;
			defaultConfigurationName = Release;
		};
/* End XCConfigurationList section */
	};
	rootObject = 7A01983B2A7AF944008FC664 /* Project object */;
}
